
Microsoft Visual Studio Solution File, Format Version 12.00
# Visual Studio Version 17
VisualStudioVersion = 17.9.34622.214
MinimumVisualStudioVersion = 10.0.40219.1
Project("{8BC9CEB8-8B4A-11D0-8D11-00A0C91BC942}") = "1완성_최지수_5645775_0311", "1완성_최지수_5645775_0311.vcxproj", "{15E1AB88-5B49-4AF0-896B-D1867EFB4A74}"
EndProject
Global
	GlobalSection(SolutionConfigurationPlatforms) = preSolution
		Debug|x64 = Debug|x64
		Debug|x86 = Debug|x86
		Release|x64 = Release|x64
		Release|x86 = Release|x86
	EndGlobalSection
	GlobalSection(ProjectConfigurationPlatforms) = postSolution
		{15E1AB88-5B49-4AF0-896B-D1867EFB4A74}.Debug|x64.ActiveCfg = Debug|x64
		{15E1AB88-5B49-4AF0-896B-D1867EFB4A74}.Debug|x64.Build.0 = Debug|x64
		{15E1AB88-5B49-4AF0-896B-D1867EFB4A74}.Debug|x86.ActiveCfg = Debug|Win32
		{15E1AB88-5B49-4AF0-896B-D1867EFB4A74}.Debug|x86.Build.0 = Debug|Win32
		{15E1AB88-5B49-4AF0-896B-D1867EFB4A74}.Release|x64.ActiveCfg = Release|x64
		{15E1AB88-5B49-4AF0-896B-D1867EFB4A74}.Release|x64.Build.0 = Release|x64
		{15E1AB88-5B49-4AF0-896B-D1867EFB4A74}.Release|x86.ActiveCfg = Release|Win32
		{15E1AB88-5B49-4AF0-896B-D1867EFB4A74}.Release|x86.Build.0 = Release|Win32
	EndGlobalSection
	GlobalSection(SolutionProperties) = preSolution
		HideSolutionNode = FALSE
	EndGlobalSection
	GlobalSection(ExtensibilityGlobals) = postSolution
		SolutionGuid = {F0F74377-87E9-48C5-93A6-5AC6281B2388}
	EndGlobalSection
EndGlobal
