
Microsoft Visual Studio Solution File, Format Version 12.00
# Visual Studio Version 17
VisualStudioVersion = 17.9.34622.214
MinimumVisualStudioVersion = 10.0.40219.1
Project("{8BC9CEB8-8B4A-11D0-8D11-00A0C91BC942}") = "2025_0417_실습문제15_깃허브", "2025_0417_실습문제15_깃허브.vcxproj", "{23A181A5-D4DB-4E1B-8B80-9A04DD3C3B46}"
EndProject
Global
	GlobalSection(SolutionConfigurationPlatforms) = preSolution
		Debug|x64 = Debug|x64
		Debug|x86 = Debug|x86
		Release|x64 = Release|x64
		Release|x86 = Release|x86
	EndGlobalSection
	GlobalSection(ProjectConfigurationPlatforms) = postSolution
		{23A181A5-D4DB-4E1B-8B80-9A04DD3C3B46}.Debug|x64.ActiveCfg = Debug|x64
		{23A181A5-D4DB-4E1B-8B80-9A04DD3C3B46}.Debug|x64.Build.0 = Debug|x64
		{23A181A5-D4DB-4E1B-8B80-9A04DD3C3B46}.Debug|x86.ActiveCfg = Debug|Win32
		{23A181A5-D4DB-4E1B-8B80-9A04DD3C3B46}.Debug|x86.Build.0 = Debug|Win32
		{23A181A5-D4DB-4E1B-8B80-9A04DD3C3B46}.Release|x64.ActiveCfg = Release|x64
		{23A181A5-D4DB-4E1B-8B80-9A04DD3C3B46}.Release|x64.Build.0 = Release|x64
		{23A181A5-D4DB-4E1B-8B80-9A04DD3C3B46}.Release|x86.ActiveCfg = Release|Win32
		{23A181A5-D4DB-4E1B-8B80-9A04DD3C3B46}.Release|x86.Build.0 = Release|Win32
	EndGlobalSection
	GlobalSection(SolutionProperties) = preSolution
		HideSolutionNode = FALSE
	EndGlobalSection
	GlobalSection(ExtensibilityGlobals) = postSolution
		SolutionGuid = {BFB6C19A-F29F-4724-B339-54A23B4AC27C}
	EndGlobalSection
EndGlobal
